
Microsoft Visual Studio Solution File, Format Version 12.00
# Visual Studio Version 17
VisualStudioVersion = 17.5.33516.290
MinimumVisualStudioVersion = 10.0.40219.1
Project("{9A19103F-16F7-4668-BE54-9A1E7A4F7556}") = "hoa7mlishe.API", "hoa7mlishe\hoa7mlishe.API.csproj", "{C0367241-2830-4015-BBB4-64C85429D119}"
EndProject
Project("{9A19103F-16F7-4668-BE54-9A1E7A4F7556}") = "hoa7mlishe.Logger", "hoa7mlishe.Logger\hoa7mlishe.Logger.csproj", "{C2E567E3-E5CC-4BDC-9FBD-E064762729E7}"
EndProject
Project("{2150E333-8FDC-42A3-9474-1A3956D46DE8}") = "Interfaces", "Interfaces", "{833F7AB9-0438-49C2-A865-80ED6AD7CA02}"
EndProject
Project("{FAE04EC0-301F-11D3-BF4B-00C04F79EFBC}") = "hoa7mlishe.Interfaces.Server", "hoa7mlishe.Interfaces.Server\hoa7mlishe.Interfaces.Server.csproj", "{2929CA06-6993-495D-BC62-DDCBA978844C}"
EndProject
Project("{FAE04EC0-301F-11D3-BF4B-00C04F79EFBC}") = "hoa7mlishe.Interfaces", "hoa7mlishe.Interfaces\hoa7mlishe.Interfaces.csproj", "{622908F1-D8F3-4BE6-BD82-1B8C5DA3410B}"
EndProject
Global
	GlobalSection(SolutionConfigurationPlatforms) = preSolution
		Debug|Any CPU = Debug|Any CPU
		Release|Any CPU = Release|Any CPU
	EndGlobalSection
	GlobalSection(ProjectConfigurationPlatforms) = postSolution
		{C0367241-2830-4015-BBB4-64C85429D119}.Debug|Any CPU.ActiveCfg = Debug|Any CPU
		{C0367241-2830-4015-BBB4-64C85429D119}.Debug|Any CPU.Build.0 = Debug|Any CPU
		{C0367241-2830-4015-BBB4-64C85429D119}.Release|Any CPU.ActiveCfg = Release|Any CPU
		{C0367241-2830-4015-BBB4-64C85429D119}.Release|Any CPU.Build.0 = Release|Any CPU
		{C2E567E3-E5CC-4BDC-9FBD-E064762729E7}.Debug|Any CPU.ActiveCfg = Debug|Any CPU
		{C2E567E3-E5CC-4BDC-9FBD-E064762729E7}.Debug|Any CPU.Build.0 = Debug|Any CPU
		{C2E567E3-E5CC-4BDC-9FBD-E064762729E7}.Release|Any CPU.ActiveCfg = Release|Any CPU
		{C2E567E3-E5CC-4BDC-9FBD-E064762729E7}.Release|Any CPU.Build.0 = Release|Any CPU
		{2929CA06-6993-495D-BC62-DDCBA978844C}.Debug|Any CPU.ActiveCfg = Debug|Any CPU
		{2929CA06-6993-495D-BC62-DDCBA978844C}.Debug|Any CPU.Build.0 = Debug|Any CPU
		{2929CA06-6993-495D-BC62-DDCBA978844C}.Release|Any CPU.ActiveCfg = Release|Any CPU
		{2929CA06-6993-495D-BC62-DDCBA978844C}.Release|Any CPU.Build.0 = Release|Any CPU
		{622908F1-D8F3-4BE6-BD82-1B8C5DA3410B}.Debug|Any CPU.ActiveCfg = Debug|Any CPU
		{622908F1-D8F3-4BE6-BD82-1B8C5DA3410B}.Debug|Any CPU.Build.0 = Debug|Any CPU
		{622908F1-D8F3-4BE6-BD82-1B8C5DA3410B}.Release|Any CPU.ActiveCfg = Release|Any CPU
		{622908F1-D8F3-4BE6-BD82-1B8C5DA3410B}.Release|Any CPU.Build.0 = Release|Any CPU
	EndGlobalSection
	GlobalSection(SolutionProperties) = preSolution
		HideSolutionNode = FALSE
	EndGlobalSection
	GlobalSection(NestedProjects) = preSolution
		{2929CA06-6993-495D-BC62-DDCBA978844C} = {833F7AB9-0438-49C2-A865-80ED6AD7CA02}
		{622908F1-D8F3-4BE6-BD82-1B8C5DA3410B} = {833F7AB9-0438-49C2-A865-80ED6AD7CA02}
	EndGlobalSection
	GlobalSection(ExtensibilityGlobals) = postSolution
		SolutionGuid = {4FDF9D9C-8AD5-4733-85C4-5E502C146A05}
	EndGlobalSection
EndGlobal
